{
  "name": "si",
  "version": "1.0.0",
  "lockfileVersion": 1,
  "dependencies": {
    "diff": {
      "version": "3.3.0",
      "resolved": "https://registry.npmjs.org/diff/-/diff-3.3.0.tgz",
      "integrity": "sha512-w0XZubFWn0Adlsapj9EAWX0FqWdO4tz8kc3RiYdWLh4k/V8PTb6i0SMgXt0vRM3zyKnT8tKO7mUlieRQHIjMNg=="
    },
    "formatio": {
      "version": "1.2.0",
      "resolved": "https://registry.npmjs.org/formatio/-/formatio-1.2.0.tgz",
      "integrity": "sha1-87IWfZBoxGmKjVH092CjmlTYGOs="
    },
    "isarray": {
      "version": "0.0.1",
      "resolved": "https://registry.npmjs.org/isarray/-/isarray-0.0.1.tgz",
      "integrity": "sha1-ihis/Kmo9Bd+Cav8YDiTmwXR7t8="
    },
    "lolex": {
      "version": "1.6.0",
      "resolved": "https://registry.npmjs.org/lolex/-/lolex-1.6.0.tgz",
      "integrity": "sha1-OpoCg0UqR9dDnnJzG54H1zhuSfY="
    },
    "native-promise-only": {
      "version": "0.8.1",
      "resolved": "https://registry.npmjs.org/native-promise-only/-/native-promise-only-0.8.1.tgz",
      "integrity": "sha1-IKMYwwy0X3H+et+/eyHJnBRy7xE="
    },
    "path-to-regexp": {
      "version": "1.7.0",
      "resolved": "https://registry.npmjs.org/path-to-regexp/-/path-to-regexp-1.7.0.tgz",
      "integrity": "sha1-Wf3g9DW62suhA6hOnTvGTpa5k30="
    },
    "readline-sync": {
      "version": "1.4.7",
      "resolved": "https://registry.npmjs.org/readline-sync/-/readline-sync-1.4.7.tgz",
      "integrity": "sha1-ABv91MBhEMPAhMY798alYCIhPzA="
    },
    "samsam": {
      "version": "1.2.1",
      "resolved": "https://registry.npmjs.org/samsam/-/samsam-1.2.1.tgz",
      "integrity": "sha1-7dOQk6MYQ3DLhZJDsr3yVefY6mc="
    },
    "sinon": {
      "version": "2.3.8",
      "resolved": "https://registry.npmjs.org/sinon/-/sinon-2.3.8.tgz",
      "integrity": "sha1-Md4G/tj7o6Zx5XbdltClhjeW8lw="
    },
    "text-encoding": {
      "version": "0.6.4",
      "resolved": "https://registry.npmjs.org/text-encoding/-/text-encoding-0.6.4.tgz",
      "integrity": "sha1-45mpgiV6J22uQou5KEXLcb3CbRk="
    },
    "type-detect": {
      "version": "4.0.3",
      "resolved": "https://registry.npmjs.org/type-detect/-/type-detect-4.0.3.tgz",
      "integrity": "sha1-Dj8mcLRAmbC0bChNE2p+9Jx0wuo="
    }
  }
}
